
Microsoft Visual Studio Solution File, Format Version 12.00
Project("{FAE04EC0-301F-11D3-BF4B-00C04F79EFBC}") = "Api", "Api\Api.csproj", "{F7E566B1-FC29-4CDB-AAC2-C17AFBB9FEDF}"
EndProject
Global
	GlobalSection(SolutionConfigurationPlatforms) = preSolution
		Debug|Any CPU = Debug|Any CPU
		Release|Any CPU = Release|Any CPU
	EndGlobalSection
	GlobalSection(ProjectConfigurationPlatforms) = postSolution
		{F7E566B1-FC29-4CDB-AAC2-C17AFBB9FEDF}.Debug|Any CPU.ActiveCfg = Debug|Any CPU
		{F7E566B1-FC29-4CDB-AAC2-C17AFBB9FEDF}.Debug|Any CPU.Build.0 = Debug|Any CPU
		{F7E566B1-FC29-4CDB-AAC2-C17AFBB9FEDF}.Release|Any CPU.ActiveCfg = Release|Any CPU
		{F7E566B1-FC29-4CDB-AAC2-C17AFBB9FEDF}.Release|Any CPU.Build.0 = Release|Any CPU
	EndGlobalSection
EndGlobal
